
Microsoft Visual Studio Solution File, Format Version 12.00
# Visual Studio Version 17
VisualStudioVersion = 17.4.33110.190
MinimumVisualStudioVersion = 10.0.40219.1
Project("{9A19103F-16F7-4668-BE54-9A1E7A4F7556}") = "ART_PACKAGE", "ART_PACKAGE\ART_PACKAGE.csproj", "{F75B2297-38C8-4AC1-A73E-A81440EBFDA4}"
EndProject
Project("{9A19103F-16F7-4668-BE54-9A1E7A4F7556}") = "SqlServerMigrations", "SqlServerMigrations\SqlServerMigrations.csproj", "{55573AB9-D3DC-4A9E-A330-E6FA0936EEA7}"
EndProject
Project("{9A19103F-16F7-4668-BE54-9A1E7A4F7556}") = "OracleMigrations", "OracleMigrations\OracleMigrations.csproj", "{2F62CF41-BCE4-4A91-A50C-9FFE6DE835D9}"
EndProject
Project("{9A19103F-16F7-4668-BE54-9A1E7A4F7556}") = "Data", "Data\Data.csproj", "{47E448FA-D6DE-4E58-B9A0-6C119B4976B3}"
EndProject
Project("{FAE04EC0-301F-11D3-BF4B-00C04F79EFBC}") = "MySqlMigrations", "MySqlMigrations\MySqlMigrations.csproj", "{3309E513-FAE8-4886-9259-1B6518387B5D}"
EndProject
Global
	GlobalSection(SolutionConfigurationPlatforms) = preSolution
		Debug|Any CPU = Debug|Any CPU
		Release|Any CPU = Release|Any CPU
	EndGlobalSection
	GlobalSection(ProjectConfigurationPlatforms) = postSolution
		{F75B2297-38C8-4AC1-A73E-A81440EBFDA4}.Debug|Any CPU.ActiveCfg = Debug|Any CPU
		{F75B2297-38C8-4AC1-A73E-A81440EBFDA4}.Debug|Any CPU.Build.0 = Debug|Any CPU
		{F75B2297-38C8-4AC1-A73E-A81440EBFDA4}.Release|Any CPU.ActiveCfg = Release|Any CPU
		{F75B2297-38C8-4AC1-A73E-A81440EBFDA4}.Release|Any CPU.Build.0 = Release|Any CPU
		{55573AB9-D3DC-4A9E-A330-E6FA0936EEA7}.Debug|Any CPU.ActiveCfg = Debug|Any CPU
		{55573AB9-D3DC-4A9E-A330-E6FA0936EEA7}.Debug|Any CPU.Build.0 = Debug|Any CPU
		{55573AB9-D3DC-4A9E-A330-E6FA0936EEA7}.Release|Any CPU.ActiveCfg = Release|Any CPU
		{55573AB9-D3DC-4A9E-A330-E6FA0936EEA7}.Release|Any CPU.Build.0 = Release|Any CPU
		{2F62CF41-BCE4-4A91-A50C-9FFE6DE835D9}.Debug|Any CPU.ActiveCfg = Debug|Any CPU
		{2F62CF41-BCE4-4A91-A50C-9FFE6DE835D9}.Debug|Any CPU.Build.0 = Debug|Any CPU
		{2F62CF41-BCE4-4A91-A50C-9FFE6DE835D9}.Release|Any CPU.ActiveCfg = Release|Any CPU
		{2F62CF41-BCE4-4A91-A50C-9FFE6DE835D9}.Release|Any CPU.Build.0 = Release|Any CPU
		{47E448FA-D6DE-4E58-B9A0-6C119B4976B3}.Debug|Any CPU.ActiveCfg = Debug|Any CPU
		{47E448FA-D6DE-4E58-B9A0-6C119B4976B3}.Debug|Any CPU.Build.0 = Debug|Any CPU
		{47E448FA-D6DE-4E58-B9A0-6C119B4976B3}.Release|Any CPU.ActiveCfg = Release|Any CPU
		{47E448FA-D6DE-4E58-B9A0-6C119B4976B3}.Release|Any CPU.Build.0 = Release|Any CPU
		{3309E513-FAE8-4886-9259-1B6518387B5D}.Debug|Any CPU.ActiveCfg = Debug|Any CPU
		{3309E513-FAE8-4886-9259-1B6518387B5D}.Debug|Any CPU.Build.0 = Debug|Any CPU
		{3309E513-FAE8-4886-9259-1B6518387B5D}.Release|Any CPU.ActiveCfg = Release|Any CPU
		{3309E513-FAE8-4886-9259-1B6518387B5D}.Release|Any CPU.Build.0 = Release|Any CPU
	EndGlobalSection
	GlobalSection(SolutionProperties) = preSolution
		HideSolutionNode = FALSE
	EndGlobalSection
	GlobalSection(ExtensibilityGlobals) = postSolution
		SolutionGuid = {2C095A8C-3BE3-4C27-B3C1-C0E24E0158D9}
	EndGlobalSection
EndGlobal
